
Microsoft Visual Studio Solution File, Format Version 12.00
# Visual Studio Version 16
VisualStudioVersion = 16.0.30503.244
MinimumVisualStudioVersion = 10.0.40219.1
Project("{FAE04EC0-301F-11D3-BF4B-00C04F79EFBC}") = "Nami", "Nami\Nami.csproj", "{732CA86A-C53E-464E-B992-801D73C3DAC0}"
EndProject
Project("{9A19103F-16F7-4668-BE54-9A1E7A4F7556}") = "GScraper", "GScraper\src\GScraper\GScraper.csproj", "{75340889-D349-4A09-A5DF-09AA25BD5614}"
EndProject
Project("{9A19103F-16F7-4668-BE54-9A1E7A4F7556}") = "DSharpPlus", "DSharpPlus\DSharpPlus\DSharpPlus.csproj", "{4CB4F225-5A51-4F99-81B0-647B08302DC0}"
EndProject
Project("{9A19103F-16F7-4668-BE54-9A1E7A4F7556}") = "DSharpPlus.CommandsNext", "DSharpPlus\DSharpPlus.CommandsNext\DSharpPlus.CommandsNext.csproj", "{134A5162-82A5-4415-AF01-E1F9B673801F}"
EndProject
Project("{9A19103F-16F7-4668-BE54-9A1E7A4F7556}") = "DSharpPlus.Lavalink", "DSharpPlus\DSharpPlus.Lavalink\DSharpPlus.Lavalink.csproj", "{DDDEC0C7-B6A2-4305-B817-74B91EE94044}"
EndProject
Project("{9A19103F-16F7-4668-BE54-9A1E7A4F7556}") = "Reddit.NET", "Reddit.NET\src\Reddit.NET\Reddit.NET.csproj", "{BCB1CC06-D9E1-4880-9A39-4CFC7B7A97FA}"
EndProject
Project("{9A19103F-16F7-4668-BE54-9A1E7A4F7556}") = "AuthTokenRetrieverLib", "Reddit.NET\src\AuthTokenRetrieverLib\AuthTokenRetrieverLib.csproj", "{F0B23622-EDCA-4F49-85F1-D0824BFBCFB0}"
EndProject
Project("{9A19103F-16F7-4668-BE54-9A1E7A4F7556}") = "AuthTokenRetriever", "Reddit.NET\src\AuthTokenRetriever\AuthTokenRetriever.csproj", "{41DBC8AA-14ED-4163-9970-61B98BFDBE12}"
EndProject
Global
	GlobalSection(SolutionConfigurationPlatforms) = preSolution
		Debug|Any CPU = Debug|Any CPU
		Release|Any CPU = Release|Any CPU
	EndGlobalSection
	GlobalSection(ProjectConfigurationPlatforms) = postSolution
		{732CA86A-C53E-464E-B992-801D73C3DAC0}.Debug|Any CPU.ActiveCfg = Debug|Any CPU
		{732CA86A-C53E-464E-B992-801D73C3DAC0}.Debug|Any CPU.Build.0 = Debug|Any CPU
		{732CA86A-C53E-464E-B992-801D73C3DAC0}.Release|Any CPU.ActiveCfg = Release|Any CPU
		{732CA86A-C53E-464E-B992-801D73C3DAC0}.Release|Any CPU.Build.0 = Release|Any CPU
		{75340889-D349-4A09-A5DF-09AA25BD5614}.Debug|Any CPU.ActiveCfg = Debug|Any CPU
		{75340889-D349-4A09-A5DF-09AA25BD5614}.Debug|Any CPU.Build.0 = Debug|Any CPU
		{75340889-D349-4A09-A5DF-09AA25BD5614}.Release|Any CPU.ActiveCfg = Release|Any CPU
		{75340889-D349-4A09-A5DF-09AA25BD5614}.Release|Any CPU.Build.0 = Release|Any CPU
		{4CB4F225-5A51-4F99-81B0-647B08302DC0}.Debug|Any CPU.ActiveCfg = Debug|Any CPU
		{4CB4F225-5A51-4F99-81B0-647B08302DC0}.Debug|Any CPU.Build.0 = Debug|Any CPU
		{4CB4F225-5A51-4F99-81B0-647B08302DC0}.Release|Any CPU.ActiveCfg = Release|Any CPU
		{4CB4F225-5A51-4F99-81B0-647B08302DC0}.Release|Any CPU.Build.0 = Release|Any CPU
		{134A5162-82A5-4415-AF01-E1F9B673801F}.Debug|Any CPU.ActiveCfg = Debug|Any CPU
		{134A5162-82A5-4415-AF01-E1F9B673801F}.Debug|Any CPU.Build.0 = Debug|Any CPU
		{134A5162-82A5-4415-AF01-E1F9B673801F}.Release|Any CPU.ActiveCfg = Release|Any CPU
		{134A5162-82A5-4415-AF01-E1F9B673801F}.Release|Any CPU.Build.0 = Release|Any CPU
		{DDDEC0C7-B6A2-4305-B817-74B91EE94044}.Debug|Any CPU.ActiveCfg = Debug|Any CPU
		{DDDEC0C7-B6A2-4305-B817-74B91EE94044}.Debug|Any CPU.Build.0 = Debug|Any CPU
		{DDDEC0C7-B6A2-4305-B817-74B91EE94044}.Release|Any CPU.ActiveCfg = Release|Any CPU
		{DDDEC0C7-B6A2-4305-B817-74B91EE94044}.Release|Any CPU.Build.0 = Release|Any CPU
		{BCB1CC06-D9E1-4880-9A39-4CFC7B7A97FA}.Debug|Any CPU.ActiveCfg = Debug|Any CPU
		{BCB1CC06-D9E1-4880-9A39-4CFC7B7A97FA}.Debug|Any CPU.Build.0 = Debug|Any CPU
		{BCB1CC06-D9E1-4880-9A39-4CFC7B7A97FA}.Release|Any CPU.ActiveCfg = Release|Any CPU
		{BCB1CC06-D9E1-4880-9A39-4CFC7B7A97FA}.Release|Any CPU.Build.0 = Release|Any CPU
		{F0B23622-EDCA-4F49-85F1-D0824BFBCFB0}.Debug|Any CPU.ActiveCfg = Debug|Any CPU
		{F0B23622-EDCA-4F49-85F1-D0824BFBCFB0}.Debug|Any CPU.Build.0 = Debug|Any CPU
		{F0B23622-EDCA-4F49-85F1-D0824BFBCFB0}.Release|Any CPU.ActiveCfg = Release|Any CPU
		{F0B23622-EDCA-4F49-85F1-D0824BFBCFB0}.Release|Any CPU.Build.0 = Release|Any CPU
		{41DBC8AA-14ED-4163-9970-61B98BFDBE12}.Debug|Any CPU.ActiveCfg = Debug|Any CPU
		{41DBC8AA-14ED-4163-9970-61B98BFDBE12}.Debug|Any CPU.Build.0 = Debug|Any CPU
		{41DBC8AA-14ED-4163-9970-61B98BFDBE12}.Release|Any CPU.ActiveCfg = Release|Any CPU
		{41DBC8AA-14ED-4163-9970-61B98BFDBE12}.Release|Any CPU.Build.0 = Release|Any CPU
	EndGlobalSection
	GlobalSection(SolutionProperties) = preSolution
		HideSolutionNode = FALSE
	EndGlobalSection
	GlobalSection(ExtensibilityGlobals) = postSolution
		SolutionGuid = {E001653E-0B66-412E-A092-B0C0AE0085A9}
	EndGlobalSection
EndGlobal
