
Microsoft Visual Studio Solution File, Format Version 12.00
# Visual Studio Version 16
VisualStudioVersion = 16.0.30503.244
MinimumVisualStudioVersion = 10.0.40219.1
Project("{9A19103F-16F7-4668-BE54-9A1E7A4F7556}") = "Nami", "Nami\Nami.csproj", "{732CA86A-C53E-464E-B992-801D73C3DAC0}"
EndProject
Project("{9A19103F-16F7-4668-BE54-9A1E7A4F7556}") = "GScraper", "GScraper\src\GScraper\GScraper.csproj", "{75340889-D349-4A09-A5DF-09AA25BD5614}"
EndProject
Project("{9A19103F-16F7-4668-BE54-9A1E7A4F7556}") = "Reddit.NET", "Reddit.NET\src\Reddit.NET\Reddit.NET.csproj", "{BCB1CC06-D9E1-4880-9A39-4CFC7B7A97FA}"
EndProject
Project("{9A19103F-16F7-4668-BE54-9A1E7A4F7556}") = "DSharpPlus", "DSharpPlus\DSharpPlus\DSharpPlus.csproj", "{E81EC9DC-847B-4074-828B-86EA79D799A8}"
EndProject
Project("{9A19103F-16F7-4668-BE54-9A1E7A4F7556}") = "DSharpPlus.CommandsNext", "DSharpPlus\DSharpPlus.CommandsNext\DSharpPlus.CommandsNext.csproj", "{49BE836E-BAA0-49A9-877E-E4D177F9A231}"
EndProject
Project("{9A19103F-16F7-4668-BE54-9A1E7A4F7556}") = "DSharpPlus.Interactivity", "DSharpPlus\DSharpPlus.Interactivity\DSharpPlus.Interactivity.csproj", "{23724F9F-1E64-49D8-BA6F-4951FE38F9CE}"
EndProject
Project("{9A19103F-16F7-4668-BE54-9A1E7A4F7556}") = "DSharpPlus.Lavalink", "DSharpPlus\DSharpPlus.Lavalink\DSharpPlus.Lavalink.csproj", "{4281BB66-A0BC-4D2E-A821-380B2F825952}"
EndProject
Project("{9A19103F-16F7-4668-BE54-9A1E7A4F7556}") = "DSharpPlus.Rest", "DSharpPlus\DSharpPlus.Rest\DSharpPlus.Rest.csproj", "{A7CB5D97-435E-4C99-B734-6BCB9FD87A87}"
EndProject
Project("{9A19103F-16F7-4668-BE54-9A1E7A4F7556}") = "DSharpPlus.VoiceNext", "DSharpPlus\DSharpPlus.VoiceNext\DSharpPlus.VoiceNext.csproj", "{EBC2245E-04C6-4011-A736-0E35AABDD87F}"
EndProject
Global
	GlobalSection(SolutionConfigurationPlatforms) = preSolution
		Debug|Any CPU = Debug|Any CPU
		Release|Any CPU = Release|Any CPU
	EndGlobalSection
	GlobalSection(ProjectConfigurationPlatforms) = postSolution
		{732CA86A-C53E-464E-B992-801D73C3DAC0}.Debug|Any CPU.ActiveCfg = Debug|Any CPU
		{732CA86A-C53E-464E-B992-801D73C3DAC0}.Debug|Any CPU.Build.0 = Debug|Any CPU
		{732CA86A-C53E-464E-B992-801D73C3DAC0}.Release|Any CPU.ActiveCfg = Release|Any CPU
		{732CA86A-C53E-464E-B992-801D73C3DAC0}.Release|Any CPU.Build.0 = Release|Any CPU
		{75340889-D349-4A09-A5DF-09AA25BD5614}.Debug|Any CPU.ActiveCfg = Debug|Any CPU
		{75340889-D349-4A09-A5DF-09AA25BD5614}.Debug|Any CPU.Build.0 = Debug|Any CPU
		{75340889-D349-4A09-A5DF-09AA25BD5614}.Release|Any CPU.ActiveCfg = Release|Any CPU
		{75340889-D349-4A09-A5DF-09AA25BD5614}.Release|Any CPU.Build.0 = Release|Any CPU
		{BCB1CC06-D9E1-4880-9A39-4CFC7B7A97FA}.Debug|Any CPU.ActiveCfg = Debug|Any CPU
		{BCB1CC06-D9E1-4880-9A39-4CFC7B7A97FA}.Debug|Any CPU.Build.0 = Debug|Any CPU
		{BCB1CC06-D9E1-4880-9A39-4CFC7B7A97FA}.Release|Any CPU.ActiveCfg = Release|Any CPU
		{BCB1CC06-D9E1-4880-9A39-4CFC7B7A97FA}.Release|Any CPU.Build.0 = Release|Any CPU
		{E81EC9DC-847B-4074-828B-86EA79D799A8}.Debug|Any CPU.ActiveCfg = Debug|Any CPU
		{E81EC9DC-847B-4074-828B-86EA79D799A8}.Debug|Any CPU.Build.0 = Debug|Any CPU
		{E81EC9DC-847B-4074-828B-86EA79D799A8}.Release|Any CPU.ActiveCfg = Release|Any CPU
		{E81EC9DC-847B-4074-828B-86EA79D799A8}.Release|Any CPU.Build.0 = Release|Any CPU
		{49BE836E-BAA0-49A9-877E-E4D177F9A231}.Debug|Any CPU.ActiveCfg = Debug|Any CPU
		{49BE836E-BAA0-49A9-877E-E4D177F9A231}.Debug|Any CPU.Build.0 = Debug|Any CPU
		{49BE836E-BAA0-49A9-877E-E4D177F9A231}.Release|Any CPU.ActiveCfg = Release|Any CPU
		{49BE836E-BAA0-49A9-877E-E4D177F9A231}.Release|Any CPU.Build.0 = Release|Any CPU
		{23724F9F-1E64-49D8-BA6F-4951FE38F9CE}.Debug|Any CPU.ActiveCfg = Debug|Any CPU
		{23724F9F-1E64-49D8-BA6F-4951FE38F9CE}.Debug|Any CPU.Build.0 = Debug|Any CPU
		{23724F9F-1E64-49D8-BA6F-4951FE38F9CE}.Release|Any CPU.ActiveCfg = Release|Any CPU
		{23724F9F-1E64-49D8-BA6F-4951FE38F9CE}.Release|Any CPU.Build.0 = Release|Any CPU
		{4281BB66-A0BC-4D2E-A821-380B2F825952}.Debug|Any CPU.ActiveCfg = Debug|Any CPU
		{4281BB66-A0BC-4D2E-A821-380B2F825952}.Debug|Any CPU.Build.0 = Debug|Any CPU
		{4281BB66-A0BC-4D2E-A821-380B2F825952}.Release|Any CPU.ActiveCfg = Release|Any CPU
		{4281BB66-A0BC-4D2E-A821-380B2F825952}.Release|Any CPU.Build.0 = Release|Any CPU
		{A7CB5D97-435E-4C99-B734-6BCB9FD87A87}.Debug|Any CPU.ActiveCfg = Debug|Any CPU
		{A7CB5D97-435E-4C99-B734-6BCB9FD87A87}.Debug|Any CPU.Build.0 = Debug|Any CPU
		{A7CB5D97-435E-4C99-B734-6BCB9FD87A87}.Release|Any CPU.ActiveCfg = Release|Any CPU
		{A7CB5D97-435E-4C99-B734-6BCB9FD87A87}.Release|Any CPU.Build.0 = Release|Any CPU
		{EBC2245E-04C6-4011-A736-0E35AABDD87F}.Debug|Any CPU.ActiveCfg = Debug|Any CPU
		{EBC2245E-04C6-4011-A736-0E35AABDD87F}.Debug|Any CPU.Build.0 = Debug|Any CPU
		{EBC2245E-04C6-4011-A736-0E35AABDD87F}.Release|Any CPU.ActiveCfg = Release|Any CPU
		{EBC2245E-04C6-4011-A736-0E35AABDD87F}.Release|Any CPU.Build.0 = Release|Any CPU
	EndGlobalSection
	GlobalSection(SolutionProperties) = preSolution
		HideSolutionNode = FALSE
	EndGlobalSection
	GlobalSection(ExtensibilityGlobals) = postSolution
		SolutionGuid = {E001653E-0B66-412E-A092-B0C0AE0085A9}
	EndGlobalSection
EndGlobal
