
Microsoft Visual Studio Solution File, Format Version 12.00
# Visual Studio Version 16
VisualStudioVersion = 16.0.30503.244
MinimumVisualStudioVersion = 10.0.40219.1
Project("{FAE04EC0-301F-11D3-BF4B-00C04F79EFBC}") = "Nami", "Nami\Nami.csproj", "{732CA86A-C53E-464E-B992-801D73C3DAC0}"
EndProject
Project("{9A19103F-16F7-4668-BE54-9A1E7A4F7556}") = "GScraper", "GScraper\src\GScraper\GScraper.csproj", "{75340889-D349-4A09-A5DF-09AA25BD5614}"
EndProject
Project("{9A19103F-16F7-4668-BE54-9A1E7A4F7556}") = "DSharpPlus", "DSharpPlus\DSharpPlus\DSharpPlus.csproj", "{45F663E1-9A2E-4C18-B61B-996E9A2EFAAC}"
EndProject
Project("{2150E333-8FDC-42A3-9474-1A3956D46DE8}") = "Dsharp+", "Dsharp+", "{D78B16ED-7BA8-455F-B78B-A811A8F0EE44}"
EndProject
Project("{9A19103F-16F7-4668-BE54-9A1E7A4F7556}") = "DSharpPlus.Interactivity", "DSharpPlus\DSharpPlus.Interactivity\DSharpPlus.Interactivity.csproj", "{EB029022-6B63-4FCE-83D4-81D3139BAC2B}"
EndProject
Project("{9A19103F-16F7-4668-BE54-9A1E7A4F7556}") = "DSharpPlus.CommandsNext", "DSharpPlus\DSharpPlus.CommandsNext\DSharpPlus.CommandsNext.csproj", "{725483D5-A9F9-4B41-8047-853F10946D08}"
EndProject
Project("{9A19103F-16F7-4668-BE54-9A1E7A4F7556}") = "DSharpPlus.Lavalink", "DSharpPlus\DSharpPlus.Lavalink\DSharpPlus.Lavalink.csproj", "{B4879E72-7962-45D3-A219-0FFDD888069E}"
EndProject
Project("{9A19103F-16F7-4668-BE54-9A1E7A4F7556}") = "DSharpPlus.VoiceNext", "DSharpPlus\DSharpPlus.VoiceNext\DSharpPlus.VoiceNext.csproj", "{937F1611-FD8B-4157-AF96-0BD470E56F45}"
EndProject
Project("{9A19103F-16F7-4668-BE54-9A1E7A4F7556}") = "DSharpPlus.Rest", "DSharpPlus\DSharpPlus.Rest\DSharpPlus.Rest.csproj", "{4C183302-3F10-4FB6-B64D-BE8C7267B4D7}"
EndProject
Global
	GlobalSection(SolutionConfigurationPlatforms) = preSolution
		Debug|Any CPU = Debug|Any CPU
		Release|Any CPU = Release|Any CPU
	EndGlobalSection
	GlobalSection(ProjectConfigurationPlatforms) = postSolution
		{732CA86A-C53E-464E-B992-801D73C3DAC0}.Debug|Any CPU.ActiveCfg = Debug|Any CPU
		{732CA86A-C53E-464E-B992-801D73C3DAC0}.Debug|Any CPU.Build.0 = Debug|Any CPU
		{732CA86A-C53E-464E-B992-801D73C3DAC0}.Release|Any CPU.ActiveCfg = Release|Any CPU
		{732CA86A-C53E-464E-B992-801D73C3DAC0}.Release|Any CPU.Build.0 = Release|Any CPU
		{75340889-D349-4A09-A5DF-09AA25BD5614}.Debug|Any CPU.ActiveCfg = Debug|Any CPU
		{75340889-D349-4A09-A5DF-09AA25BD5614}.Debug|Any CPU.Build.0 = Debug|Any CPU
		{75340889-D349-4A09-A5DF-09AA25BD5614}.Release|Any CPU.ActiveCfg = Release|Any CPU
		{75340889-D349-4A09-A5DF-09AA25BD5614}.Release|Any CPU.Build.0 = Release|Any CPU
		{45F663E1-9A2E-4C18-B61B-996E9A2EFAAC}.Debug|Any CPU.ActiveCfg = Debug|Any CPU
		{45F663E1-9A2E-4C18-B61B-996E9A2EFAAC}.Debug|Any CPU.Build.0 = Debug|Any CPU
		{45F663E1-9A2E-4C18-B61B-996E9A2EFAAC}.Release|Any CPU.ActiveCfg = Release|Any CPU
		{45F663E1-9A2E-4C18-B61B-996E9A2EFAAC}.Release|Any CPU.Build.0 = Release|Any CPU
		{EB029022-6B63-4FCE-83D4-81D3139BAC2B}.Debug|Any CPU.ActiveCfg = Debug|Any CPU
		{EB029022-6B63-4FCE-83D4-81D3139BAC2B}.Debug|Any CPU.Build.0 = Debug|Any CPU
		{EB029022-6B63-4FCE-83D4-81D3139BAC2B}.Release|Any CPU.ActiveCfg = Release|Any CPU
		{EB029022-6B63-4FCE-83D4-81D3139BAC2B}.Release|Any CPU.Build.0 = Release|Any CPU
		{725483D5-A9F9-4B41-8047-853F10946D08}.Debug|Any CPU.ActiveCfg = Debug|Any CPU
		{725483D5-A9F9-4B41-8047-853F10946D08}.Debug|Any CPU.Build.0 = Debug|Any CPU
		{725483D5-A9F9-4B41-8047-853F10946D08}.Release|Any CPU.ActiveCfg = Release|Any CPU
		{725483D5-A9F9-4B41-8047-853F10946D08}.Release|Any CPU.Build.0 = Release|Any CPU
		{B4879E72-7962-45D3-A219-0FFDD888069E}.Debug|Any CPU.ActiveCfg = Debug|Any CPU
		{B4879E72-7962-45D3-A219-0FFDD888069E}.Debug|Any CPU.Build.0 = Debug|Any CPU
		{B4879E72-7962-45D3-A219-0FFDD888069E}.Release|Any CPU.ActiveCfg = Release|Any CPU
		{B4879E72-7962-45D3-A219-0FFDD888069E}.Release|Any CPU.Build.0 = Release|Any CPU
		{937F1611-FD8B-4157-AF96-0BD470E56F45}.Debug|Any CPU.ActiveCfg = Debug|Any CPU
		{937F1611-FD8B-4157-AF96-0BD470E56F45}.Debug|Any CPU.Build.0 = Debug|Any CPU
		{937F1611-FD8B-4157-AF96-0BD470E56F45}.Release|Any CPU.ActiveCfg = Release|Any CPU
		{937F1611-FD8B-4157-AF96-0BD470E56F45}.Release|Any CPU.Build.0 = Release|Any CPU
		{4C183302-3F10-4FB6-B64D-BE8C7267B4D7}.Debug|Any CPU.ActiveCfg = Debug|Any CPU
		{4C183302-3F10-4FB6-B64D-BE8C7267B4D7}.Debug|Any CPU.Build.0 = Debug|Any CPU
		{4C183302-3F10-4FB6-B64D-BE8C7267B4D7}.Release|Any CPU.ActiveCfg = Release|Any CPU
		{4C183302-3F10-4FB6-B64D-BE8C7267B4D7}.Release|Any CPU.Build.0 = Release|Any CPU
	EndGlobalSection
	GlobalSection(SolutionProperties) = preSolution
		HideSolutionNode = FALSE
	EndGlobalSection
	GlobalSection(NestedProjects) = preSolution
		{45F663E1-9A2E-4C18-B61B-996E9A2EFAAC} = {D78B16ED-7BA8-455F-B78B-A811A8F0EE44}
		{EB029022-6B63-4FCE-83D4-81D3139BAC2B} = {D78B16ED-7BA8-455F-B78B-A811A8F0EE44}
		{725483D5-A9F9-4B41-8047-853F10946D08} = {D78B16ED-7BA8-455F-B78B-A811A8F0EE44}
		{B4879E72-7962-45D3-A219-0FFDD888069E} = {D78B16ED-7BA8-455F-B78B-A811A8F0EE44}
		{937F1611-FD8B-4157-AF96-0BD470E56F45} = {D78B16ED-7BA8-455F-B78B-A811A8F0EE44}
		{4C183302-3F10-4FB6-B64D-BE8C7267B4D7} = {D78B16ED-7BA8-455F-B78B-A811A8F0EE44}
	EndGlobalSection
	GlobalSection(ExtensibilityGlobals) = postSolution
		SolutionGuid = {E001653E-0B66-412E-A092-B0C0AE0085A9}
	EndGlobalSection
EndGlobal
